
Microsoft Visual Studio Solution File, Format Version 12.00
# Visual Studio Version 16
VisualStudioVersion = 16.0.29613.14
MinimumVisualStudioVersion = 10.0.40219.1
Project("{FAE04EC0-301F-11D3-BF4B-00C04F79EFBC}") = "Kanayri.Application", "Kanayri.Application\Kanayri.Application.csproj", "{5C36C9B0-8BE5-4810-926E-520630C1A83F}"
EndProject
Global
	GlobalSection(SolutionConfigurationPlatforms) = preSolution
		Debug|Any CPU = Debug|Any CPU
		Release|Any CPU = Release|Any CPU
	EndGlobalSection
	GlobalSection(ProjectConfigurationPlatforms) = postSolution
		{5C36C9B0-8BE5-4810-926E-520630C1A83F}.Debug|Any CPU.ActiveCfg = Debug|Any CPU
		{5C36C9B0-8BE5-4810-926E-520630C1A83F}.Debug|Any CPU.Build.0 = Debug|Any CPU
		{5C36C9B0-8BE5-4810-926E-520630C1A83F}.Release|Any CPU.ActiveCfg = Release|Any CPU
		{5C36C9B0-8BE5-4810-926E-520630C1A83F}.Release|Any CPU.Build.0 = Release|Any CPU
	EndGlobalSection
	GlobalSection(SolutionProperties) = preSolution
		HideSolutionNode = FALSE
	EndGlobalSection
	GlobalSection(ExtensibilityGlobals) = postSolution
		SolutionGuid = {A3C99984-8110-44B9-9D6F-D7A4A4BEADB9}
	EndGlobalSection
EndGlobal
